
Microsoft Visual Studio Solution File, Format Version 12.00
# Visual Studio Version 17
VisualStudioVersion = 17.2.32630.192
MinimumVisualStudioVersion = 10.0.40219.1
Project("{9A19103F-16F7-4668-BE54-9A1E7A4F7556}") = "iMessengerCoreAPI.Api", "iMessengerCoreAPI.Api\iMessengerCoreAPI.Api.csproj", "{8BFB2B42-A7C5-4A72-A7C4-25C527F4D80C}"
EndProject
Project("{9A19103F-16F7-4668-BE54-9A1E7A4F7556}") = "iMessengerCoreAPI.Domain", "iMessengerCoreAPI.Domain\iMessengerCoreAPI.Domain.csproj", "{80212E88-897D-47CD-BBF1-AFA0195ABE32}"
EndProject
Project("{9A19103F-16F7-4668-BE54-9A1E7A4F7556}") = "iMessengerCoreAPI.Tests", "IMessengerCoreAPI.Tests\iMessengerCoreAPI.Tests.csproj", "{7AD668D9-1F43-4BD0-AEB5-FDC3C8EAFE99}"
EndProject
Project("{9A19103F-16F7-4668-BE54-9A1E7A4F7556}") = "iMessengerCoreAPI.BusinessLogic", "iMessengerCoreAPI.BusinessLogic\iMessengerCoreAPI.BusinessLogic.csproj", "{5BD5B49A-9076-445C-8F3B-BC43F2024FAC}"
EndProject
Global
	GlobalSection(SolutionConfigurationPlatforms) = preSolution
		Debug|Any CPU = Debug|Any CPU
		Release|Any CPU = Release|Any CPU
	EndGlobalSection
	GlobalSection(ProjectConfigurationPlatforms) = postSolution
		{8BFB2B42-A7C5-4A72-A7C4-25C527F4D80C}.Debug|Any CPU.ActiveCfg = Debug|Any CPU
		{8BFB2B42-A7C5-4A72-A7C4-25C527F4D80C}.Debug|Any CPU.Build.0 = Debug|Any CPU
		{8BFB2B42-A7C5-4A72-A7C4-25C527F4D80C}.Release|Any CPU.ActiveCfg = Release|Any CPU
		{8BFB2B42-A7C5-4A72-A7C4-25C527F4D80C}.Release|Any CPU.Build.0 = Release|Any CPU
		{80212E88-897D-47CD-BBF1-AFA0195ABE32}.Debug|Any CPU.ActiveCfg = Debug|Any CPU
		{80212E88-897D-47CD-BBF1-AFA0195ABE32}.Debug|Any CPU.Build.0 = Debug|Any CPU
		{80212E88-897D-47CD-BBF1-AFA0195ABE32}.Release|Any CPU.ActiveCfg = Release|Any CPU
		{80212E88-897D-47CD-BBF1-AFA0195ABE32}.Release|Any CPU.Build.0 = Release|Any CPU
		{7AD668D9-1F43-4BD0-AEB5-FDC3C8EAFE99}.Debug|Any CPU.ActiveCfg = Debug|Any CPU
		{7AD668D9-1F43-4BD0-AEB5-FDC3C8EAFE99}.Debug|Any CPU.Build.0 = Debug|Any CPU
		{7AD668D9-1F43-4BD0-AEB5-FDC3C8EAFE99}.Release|Any CPU.ActiveCfg = Release|Any CPU
		{7AD668D9-1F43-4BD0-AEB5-FDC3C8EAFE99}.Release|Any CPU.Build.0 = Release|Any CPU
		{5BD5B49A-9076-445C-8F3B-BC43F2024FAC}.Debug|Any CPU.ActiveCfg = Debug|Any CPU
		{5BD5B49A-9076-445C-8F3B-BC43F2024FAC}.Debug|Any CPU.Build.0 = Debug|Any CPU
		{5BD5B49A-9076-445C-8F3B-BC43F2024FAC}.Release|Any CPU.ActiveCfg = Release|Any CPU
		{5BD5B49A-9076-445C-8F3B-BC43F2024FAC}.Release|Any CPU.Build.0 = Release|Any CPU
	EndGlobalSection
	GlobalSection(SolutionProperties) = preSolution
		HideSolutionNode = FALSE
	EndGlobalSection
	GlobalSection(ExtensibilityGlobals) = postSolution
		SolutionGuid = {19094BB3-4788-418D-9D69-CD6EC07A48B8}
	EndGlobalSection
EndGlobal
